
Microsoft Visual Studio Solution File, Format Version 12.00
# Visual Studio Version 16
VisualStudioVersion = 16.0.32802.440
MinimumVisualStudioVersion = 10.0.40219.1
Project("{FAE04EC0-301F-11D3-BF4B-00C04F79EFBC}") = "P1 EJ1", "P1 EJ1\P1 EJ1.csproj", "{6FEF7DCC-811B-46B2-B862-4C98E2A96EDE}"
EndProject
Project("{FAE04EC0-301F-11D3-BF4B-00C04F79EFBC}") = "P1 EJ2", "P1 EJ2\P1 EJ2.csproj", "{2231948B-53F1-49A6-B645-DF3B551003BD}"
EndProject
Project("{FAE04EC0-301F-11D3-BF4B-00C04F79EFBC}") = "P1 EJ3", "P1 EJ3\P1 EJ3.csproj", "{A70E1AE7-EF30-4DEE-BBA8-1CF9CA7E5435}"
EndProject
Project("{FAE04EC0-301F-11D3-BF4B-00C04F79EFBC}") = "P1 EJ4", "P1 EJ4\P1 EJ4.csproj", "{DC734466-C09E-4D95-B1C7-B82186A1E271}"
EndProject
Project("{FAE04EC0-301F-11D3-BF4B-00C04F79EFBC}") = "P1 EJ5", "P1 EJ5\P1 EJ5.csproj", "{670938BF-C57D-41A2-B3B7-F9D7E340058F}"
EndProject
Global
	GlobalSection(SolutionConfigurationPlatforms) = preSolution
		Debug|Any CPU = Debug|Any CPU
		Release|Any CPU = Release|Any CPU
	EndGlobalSection
	GlobalSection(ProjectConfigurationPlatforms) = postSolution
		{6FEF7DCC-811B-46B2-B862-4C98E2A96EDE}.Debug|Any CPU.ActiveCfg = Debug|Any CPU
		{6FEF7DCC-811B-46B2-B862-4C98E2A96EDE}.Debug|Any CPU.Build.0 = Debug|Any CPU
		{6FEF7DCC-811B-46B2-B862-4C98E2A96EDE}.Release|Any CPU.ActiveCfg = Release|Any CPU
		{6FEF7DCC-811B-46B2-B862-4C98E2A96EDE}.Release|Any CPU.Build.0 = Release|Any CPU
		{2231948B-53F1-49A6-B645-DF3B551003BD}.Debug|Any CPU.ActiveCfg = Debug|Any CPU
		{2231948B-53F1-49A6-B645-DF3B551003BD}.Debug|Any CPU.Build.0 = Debug|Any CPU
		{2231948B-53F1-49A6-B645-DF3B551003BD}.Release|Any CPU.ActiveCfg = Release|Any CPU
		{2231948B-53F1-49A6-B645-DF3B551003BD}.Release|Any CPU.Build.0 = Release|Any CPU
		{A70E1AE7-EF30-4DEE-BBA8-1CF9CA7E5435}.Debug|Any CPU.ActiveCfg = Debug|Any CPU
		{A70E1AE7-EF30-4DEE-BBA8-1CF9CA7E5435}.Debug|Any CPU.Build.0 = Debug|Any CPU
		{A70E1AE7-EF30-4DEE-BBA8-1CF9CA7E5435}.Release|Any CPU.ActiveCfg = Release|Any CPU
		{A70E1AE7-EF30-4DEE-BBA8-1CF9CA7E5435}.Release|Any CPU.Build.0 = Release|Any CPU
		{DC734466-C09E-4D95-B1C7-B82186A1E271}.Debug|Any CPU.ActiveCfg = Debug|Any CPU
		{DC734466-C09E-4D95-B1C7-B82186A1E271}.Debug|Any CPU.Build.0 = Debug|Any CPU
		{DC734466-C09E-4D95-B1C7-B82186A1E271}.Release|Any CPU.ActiveCfg = Release|Any CPU
		{DC734466-C09E-4D95-B1C7-B82186A1E271}.Release|Any CPU.Build.0 = Release|Any CPU
		{670938BF-C57D-41A2-B3B7-F9D7E340058F}.Debug|Any CPU.ActiveCfg = Debug|Any CPU
		{670938BF-C57D-41A2-B3B7-F9D7E340058F}.Debug|Any CPU.Build.0 = Debug|Any CPU
		{670938BF-C57D-41A2-B3B7-F9D7E340058F}.Release|Any CPU.ActiveCfg = Release|Any CPU
		{670938BF-C57D-41A2-B3B7-F9D7E340058F}.Release|Any CPU.Build.0 = Release|Any CPU
	EndGlobalSection
	GlobalSection(SolutionProperties) = preSolution
		HideSolutionNode = FALSE
	EndGlobalSection
	GlobalSection(ExtensibilityGlobals) = postSolution
		SolutionGuid = {F7837E50-B889-405E-BE12-C76EFF6BDFFE}
	EndGlobalSection
EndGlobal
